Microsoft Visual Studio Solution File, Format Version 11.00
# Visual Studio 2008

Project("{E9A32E08-AB40-FE00-CC99-E087A153F776}") = "3D Tetris", "Assembly-CSharp.csproj", "{3D6F6689-C32F-E3AB-7C5E-8ED59BA14821}"
EndProject
Global
	GlobalSection(SolutionConfigurationPlatforms) = preSolution
		Debug|Any CPU = Debug|Any CPU
		Release|Any CPU = Release|Any CPU
	EndGlobalSection
	GlobalSection(ProjectConfigurationPlatforms) = postSolution
		{3D6F6689-C32F-E3AB-7C5E-8ED59BA14821}.Debug|Any CPU.ActiveCfg = Debug|Any CPU
		{3D6F6689-C32F-E3AB-7C5E-8ED59BA14821}.Debug|Any CPU.Build.0 = Debug|Any CPU
		{3D6F6689-C32F-E3AB-7C5E-8ED59BA14821}.Release|Any CPU.ActiveCfg = Release|Any CPU
		{3D6F6689-C32F-E3AB-7C5E-8ED59BA14821}.Release|Any CPU.Build.0 = Release|Any CPU
	EndGlobalSection
	GlobalSection(SolutionProperties) = preSolution
		HideSolutionNode = FALSE
	EndGlobalSection
	GlobalSection(MonoDevelopProperties) = preSolution
		StartupItem = Assembly-CSharp.csproj
	EndGlobalSection
EndGlobal
